// !$*UTF8*$!
{
	archiveVersion = 1;
	classes = {
	};
	objectVersion = 46;
	objects = {

/* Begin PBXBuildFile section */
		EC870AE31E14A51A00733836 /* main.m in Sources */ = {isa = PBXBuildFile; fileRef = EC870AE21E14A51A00733836 /* main.m */; };
		EC870AE61E14A51A00733836 /* AppDelegate.m in Sources */ = {isa = PBXBuildFile; fileRef = EC870AE51E14A51A00733836 /* AppDelegate.m */; };
		EC870AE91E14A51A00733836 /* ViewController.m in Sources */ = {isa = PBXBuildFile; fileRef = EC870AE81E14A51A00733836 /* ViewController.m */; };
		EC870AEC1E14A51A00733836 /* Main.storyboard in Resources */ = {isa = PBXBuildFile; fileRef = EC870AEA1E14A51A00733836 /* Main.storyboard */; };
		EC870AEE1E14A51A00733836 /* Assets.xcassets in Resources */ = {isa = PBXBuildFile; fileRef = EC870AED1E14A51A00733836 /* Assets.xcassets */; };
		EC870AF11E14A51A00733836 /* LaunchScreen.storyboard in Resources */ = {isa = PBXBuildFile; fileRef = EC870AEF1E14A51A00733836 /* LaunchScreen.storyboard */; };
		EC870AFC1E14A51B00733836 /* MapViewDemoTests.m in Sources */ = {isa = PBXBuildFile; fileRef = EC870AFB1E14A51B00733836 /* MapViewDemoTests.m */; };
		EC870B071E14A51B00733836 /* MapViewDemoUITests.m in Sources */ = {isa = PBXBuildFile; fileRef = EC870B061E14A51B00733836 /* MapViewDemoUITests.m */; };
/* End PBXBuildFile section */

/* Begin PBXContainerItemProxy section */
		EC870AF81E14A51A00733836 /* PBXContainerItemProxy */ = {
			isa = PBXContainerItemProxy;
			containerPortal = EC870AD61E14A51A00733836 /* Project object */;
			proxyType = 1;
			remoteGlobalIDString = EC870ADD1E14A51A00733836;
			remoteInfo = MapViewDemo;
		};
		EC870B031E14A51B00733836 /* PBXContainerItemProxy */ = {
			isa = PBXContainerItemProxy;
			containerPortal = EC870AD61E14A51A00733836 /* Project object */;
			proxyType = 1;
			remoteGlobalIDString = EC870ADD1E14A51A00733836;
			remoteInfo = MapViewDemo;
		};
/* End PBXContainerItemProxy section */

/* Begin PBXFileReference section */
		EC870ADE1E14A51A00733836 /* MapViewDemo.app */ = {isa = PBXFileReference; explicitFileType = wrapper.application; includeInIndex = 0; path = MapViewDemo.app; sourceTree = BUILT_PRODUCTS_DIR; };
		EC870AE21E14A51A00733836 /* main.m */ = {isa = PBXFileReference; lastKnownFileType = sourcecode.c.objc; path = main.m; sourceTree = "<group>"; };
		EC870AE41E14A51A00733836 /* AppDelegate.h */ = {isa = PBXFileReference; lastKnownFileType = sourcecode.c.h; path = AppDelegate.h; sourceTree = "<group>"; };
		EC870AE51E14A51A00733836 /* AppDelegate.m */ = {isa = PBXFileReference; lastKnownFileType = sourcecode.c.objc; path = AppDelegate.m; sourceTree = "<group>"; };
		EC870AE71E14A51A00733836 /* ViewController.h */ = {isa = PBXFileReference; lastKnownFileType = sourcecode.c.h; path = ViewController.h; sourceTree = "<group>"; };
		EC870AE81E14A51A00733836 /* ViewController.m */ = {isa = PBXFileReference; lastKnownFileType = sourcecode.c.objc; path = ViewController.m; sourceTree = "<group>"; };
		EC870AEB1E14A51A00733836 /* Base */ = {isa = PBXFileReference; lastKnownFileType = file.storyboard; name = Base; path = Base.lproj/Main.storyboard; sourceTree = "<group>"; };
		EC870AED1E14A51A00733836 /* Assets.xcassets */ = {isa = PBXFileReference; lastKnownFileType = folder.assetcatalog; path = Assets.xcassets; sourceTree = "<group>"; };
		EC870AF01E14A51A00733836 /* Base */ = {isa = PBXFileReference; lastKnownFileType = file.storyboard; name = Base; path = Base.lproj/LaunchScreen.storyboard; sourceTree = "<group>"; };
		EC870AF21E14A51A00733836 /* Info.plist */ = {isa = PBXFileReference; lastKnownFileType = text.plist.xml; path = Info.plist; sourceTree = "<group>"; };
		EC870AF71E14A51A00733836 /* MapViewDemoTests.xctest */ = {isa = PBXFileReference; explicitFileType = wrapper.cfbundle; includeInIndex = 0; path = MapViewDemoTests.xctest; sourceTree = BUILT_PRODUCTS_DIR; };
		EC870AFB1E14A51B00733836 /* MapViewDemoTests.m */ = {isa = PBXFileReference; lastKnownFileType = sourcecode.c.objc; path = MapViewDemoTests.m; sourceTree = "<group>"; };
		EC870AFD1E14A51B00733836 /* Info.plist */ = {isa = PBXFileReference; lastKnownFileType = text.plist.xml; path = Info.plist; sourceTree = "<group>"; };
		EC870B021E14A51B00733836 /* MapViewDemoUITests.xctest */ = {isa = PBXFileReference; explicitFileType = wrapper.cfbundle; includeInIndex = 0; path = MapViewDemoUITests.xctest; sourceTree = BUILT_PRODUCTS_DIR; };
		EC870B061E14A51B00733836 /* MapViewDemoUITests.m */ = {isa = PBXFileReference; lastKnownFileType = sourcecode.c.objc; path = MapViewDemoUITests.m; sourceTree = "<group>"; };
		EC870B081E14A51B00733836 /* Info.plist */ = {isa = PBXFileReference; lastKnownFileType = text.plist.xml; path = Info.plist; sourceTree = "<group>"; };
/* End PBXFileReference section */

/* Begin PBXFrameworksBuildPhase section */
		EC870ADB1E14A51A00733836 /* Frameworks */ = {
			isa = PBXFrameworksBuildPhase;
			buildActionMask = 2147483647;
			files = (
			);
			runOnlyForDeploymentPostprocessing = 0;
		};
		EC870AF41E14A51A00733836 /* Frameworks */ = {
			isa = PBXFrameworksBuildPhase;
			buildActionMask = 2147483647;
			files = (
			);
			runOnlyForDeploymentPostprocessing = 0;
		};
		EC870AFF1E14A51B00733836 /* Frameworks */ = {
			isa = PBXFrameworksBuildPhase;
			buildActionMask = 2147483647;
			files = (
			);
			runOnlyForDeploymentPostprocessing = 0;
		};
/* End PBXFrameworksBuildPhase section */

/* Begin PBXGroup section */
		EC870AD51E14A51A00733836 = {
			isa = PBXGroup;
			children = (
				EC870AE01E14A51A00733836 /* MapViewDemo */,
				EC870AFA1E14A51A00733836 /* MapViewDemoTests */,
				EC870B051E14A51B00733836 /* MapViewDemoUITests */,
				EC870ADF1E14A51A00733836 /* Products */,
			);
			sourceTree = "<group>";
		};
		EC870ADF1E14A51A00733836 /* Products */ = {
			isa = PBXGroup;
			children = (
				EC870ADE1E14A51A00733836 /* MapViewDemo.app */,
				EC870AF71E14A51A00733836 /* MapViewDemoTests.xctest */,
				EC870B021E14A51B00733836 /* MapViewDemoUITests.xctest */,
			);
			name = Products;
			sourceTree = "<group>";
		};
		EC870AE01E14A51A00733836 /* MapViewDemo */ = {
			isa = PBXGroup;
			children = (
				EC870AE41E14A51A00733836 /* AppDelegate.h */,
				EC870AE51E14A51A00733836 /* AppDelegate.m */,
				EC870AE71E14A51A00733836 /* ViewController.h */,
				EC870AE81E14A51A00733836 /* ViewController.m */,
				EC870AEA1E14A51A00733836 /* Main.storyboard */,
				EC870AED1E14A51A00733836 /* Assets.xcassets */,
				EC870AEF1E14A51A00733836 /* LaunchScreen.storyboard */,
				EC870AF21E14A51A00733836 /* Info.plist */,
				EC870AE11E14A51A00733836 /* Supporting Files */,
			);
			path = MapViewDemo;
			sourceTree = "<group>";
		};
		EC870AE11E14A51A00733836 /* Supporting Files */ = {
			isa = PBXGroup;
			children = (
				EC870AE21E14A51A00733836 /* main.m */,
			);
			name = "Supporting Files";
			sourceTree = "<group>";
		};
		EC870AFA1E14A51A00733836 /* MapViewDemoTests */ = {
			isa = PBXGroup;
			children = (
				EC870AFB1E14A51B00733836 /* MapViewDemoTests.m */,
				EC870AFD1E14A51B00733836 /* Info.plist */,
			);
			path = MapViewDemoTests;
			sourceTree = "<group>";
		};
		EC870B051E14A51B00733836 /* MapViewDemoUITests */ = {
			isa = PBXGroup;
			children = (
				EC870B061E14A51B00733836 /* MapViewDemoUITests.m */,
				EC870B081E14A51B00733836 /* Info.plist */,
			);
			path = MapViewDemoUITests;
			sourceTree = "<group>";
		};
/* End PBXGroup section */

/* Begin PBXNativeTarget section */
		EC870ADD1E14A51A00733836 /* MapViewDemo */ = {
			isa = PBXNativeTarget;
			buildConfigurationList = EC870B0B1E14A51B00733836 /* Build configuration list for PBXNativeTarget "MapViewDemo" */;
			buildPhases = (
				EC870ADA1E14A51A00733836 /* Sources */,
				EC870ADB1E14A51A00733836 /* Frameworks */,
				EC870ADC1E14A51A00733836 /* Resources */,
			);
			buildRules = (
			);
			dependencies = (
			);
			name = MapViewDemo;
			productName = MapViewDemo;
			productReference = EC870ADE1E14A51A00733836 /* MapViewDemo.app */;
			productType = "com.apple.product-type.application";
		};
		EC870AF61E14A51A00733836 /* MapViewDemoTests */ = {
			isa = PBXNativeTarget;
			buildConfigurationList = EC870B0E1E14A51B00733836 /* Build configuration list for PBXNativeTarget "MapViewDemoTests" */;
			buildPhases = (
				EC870AF31E14A51A00733836 /* Sources */,
				EC870AF41E14A51A00733836 /* Frameworks */,
				EC870AF51E14A51A00733836 /* Resources */,
			);
			buildRules = (
			);
			dependencies = (
				EC870AF91E14A51A00733836 /* PBXTargetDependency */,
			);
			name = MapViewDemoTests;
			productName = MapViewDemoTests;
			productReference = EC870AF71E14A51A00733836 /* MapViewDemoTests.xctest */;
			productType = "com.apple.product-type.bundle.unit-test";
		};
		EC870B011E14A51B00733836 /* MapViewDemoUITests */ = {
			isa = PBXNativeTarget;
			buildConfigurationList = EC870B111E14A51B00733836 /* Build configuration list for PBXNativeTarget "MapViewDemoUITests" */;
			buildPhases = (
				EC870AFE1E14A51B00733836 /* Sources */,
				EC870AFF1E14A51B00733836 /* Frameworks */,
				EC870B001E14A51B00733836 /* Resources */,
			);
			buildRules = (
			);
			dependencies = (
				EC870B041E14A51B00733836 /* PBXTargetDependency */,
			);
			name = MapViewDemoUITests;
			productName = MapViewDemoUITests;
			productReference = EC870B021E14A51B00733836 /* MapViewDemoUITests.xctest */;
			productType = "com.apple.product-type.bundle.ui-testing";
		};
/* End PBXNativeTarget section */

/* Begin PBXProject section */
		EC870AD61E14A51A00733836 /* Project object */ = {
			isa = PBXProject;
			attributes = {
				LastUpgradeCheck = 0810;
				ORGANIZATIONNAME = Neusoft;
				TargetAttributes = {
					EC870ADD1E14A51A00733836 = {
						CreatedOnToolsVersion = 8.1;
						ProvisioningStyle = Automatic;
					};
					EC870AF61E14A51A00733836 = {
						CreatedOnToolsVersion = 8.1;
						ProvisioningStyle = Automatic;
						TestTargetID = EC870ADD1E14A51A00733836;
					};
					EC870B011E14A51B00733836 = {
						CreatedOnToolsVersion = 8.1;
						ProvisioningStyle = Automatic;
						TestTargetID = EC870ADD1E14A51A00733836;
					};
				};
			};
			buildConfigurationList = EC870AD91E14A51A00733836 /* Build configuration list for PBXProject "MapViewDemo" */;
			compatibilityVersion = "Xcode 3.2";
			developmentRegion = English;
			hasScannedForEncodings = 0;
			knownRegions = (
				en,
				Base,
			);
			mainGroup = EC870AD51E14A51A00733836;
			productRefGroup = EC870ADF1E14A51A00733836 /* Products */;
			projectDirPath = "";
			projectRoot = "";
			targets = (
				EC870ADD1E14A51A00733836 /* MapViewDemo */,
				EC870AF61E14A51A00733836 /* MapViewDemoTests */,
				EC870B011E14A51B00733836 /* MapViewDemoUITests */,
			);
		};
/* End PBXProject section */

/* Begin PBXResourcesBuildPhase section */
		EC870ADC1E14A51A00733836 /* Resources */ = {
			isa = PBXResourcesBuildPhase;
			buildActionMask = 2147483647;
			files = (
				EC870AF11E14A51A00733836 /* LaunchScreen.storyboard in Resources */,
				EC870AEE1E14A51A00733836 /* Assets.xcassets in Resources */,
				EC870AEC1E14A51A00733836 /* Main.storyboard in Resources */,
			);
			runOnlyForDeploymentPostprocessing = 0;
		};
		EC870AF51E14A51A00733836 /* Resources */ = {
			isa = PBXResourcesBuildPhase;
			buildActionMask = 2147483647;
			files = (
			);
			runOnlyForDeploymentPostprocessing = 0;
		};
		EC870B001E14A51B00733836 /* Resources */ = {
			isa = PBXResourcesBuildPhase;
			buildActionMask = 2147483647;
			files = (
			);
			runOnlyForDeploymentPostprocessing = 0;
		};
/* End PBXResourcesBuildPhase section */

/* Begin PBXSourcesBuildPhase section */
		EC870ADA1E14A51A00733836 /* Sources */ = {
			isa = PBXSourcesBuildPhase;
			buildActionMask = 2147483647;
			files = (
				EC870AE91E14A51A00733836 /* ViewController.m in Sources */,
				EC870AE61E14A51A00733836 /* AppDelegate.m in Sources */,
				EC870AE31E14A51A00733836 /* main.m in Sources */,
			);
			runOnlyForDeploymentPostprocessing = 0;
		};
		EC870AF31E14A51A00733836 /* Sources */ = {
			isa = PBXSourcesBuildPhase;
			buildActionMask = 2147483647;
			files = (
				EC870AFC1E14A51B00733836 /* MapViewDemoTests.m in Sources */,
			);
			runOnlyForDeploymentPostprocessing = 0;
		};
		EC870AFE1E14A51B00733836 /* Sources */ = {
			isa = PBXSourcesBuildPhase;
			buildActionMask = 2147483647;
			files = (
				EC870B071E14A51B00733836 /* MapViewDemoUITests.m in Sources */,
			);
			runOnlyForDeploymentPostprocessing = 0;
		};
/* End PBXSourcesBuildPhase section */

/* Begin PBXTargetDependency section */
		EC870AF91E14A51A00733836 /* PBXTargetDependency */ = {
			isa = PBXTargetDependency;
			target = EC870ADD1E14A51A00733836 /* MapViewDemo */;
			targetProxy = EC870AF81E14A51A00733836 /* PBXContainerItemProxy */;
		};
		EC870B041E14A51B00733836 /* PBXTargetDependency */ = {
			isa = PBXTargetDependency;
			target = EC870ADD1E14A51A00733836 /* MapViewDemo */;
			targetProxy = EC870B031E14A51B00733836 /* PBXContainerItemProxy */;
		};
/* End PBXTargetDependency section */

/* Begin PBXVariantGroup section */
		EC870AEA1E14A51A00733836 /* Main.storyboard */ = {
			isa = PBXVariantGroup;
			children = (
				EC870AEB1E14A51A00733836 /* Base */,
			);
			name = Main.storyboard;
			sourceTree = "<group>";
		};
		EC870AEF1E14A51A00733836 /* LaunchScreen.storyboard */ = {
			isa = PBXVariantGroup;
			children = (
				EC870AF01E14A51A00733836 /* Base */,
			);
			name = LaunchScreen.storyboard;
			sourceTree = "<group>";
		};
/* End PBXVariantGroup section */

/* Begin XCBuildConfiguration section */
		EC870B091E14A51B00733836 /* Debug */ = {
			isa = XCBuildConfiguration;
			buildSettings = {
				ALWAYS_SEARCH_USER_PATHS = NO;
				CLANG_ANALYZER_NONNULL = YES;
				CLANG_CXX_LANGUAGE_STANDARD = "gnu++0x";
				CLANG_CXX_LIBRARY = "libc++";
				CLANG_ENABLE_MODULES = YES;
				CLANG_ENABLE_OBJC_ARC = YES;
				CLANG_WARN_BOOL_CONVERSION = YES;
				CLANG_WARN_CONSTANT_CONVERSION = YES;
				CLANG_WARN_DIRECT_OBJC_ISA_USAGE = YES_ERROR;
				CLANG_WARN_DOCUMENTATION_COMMENTS = YES;
				CLANG_WARN_EMPTY_BODY = YES;
				CLANG_WARN_ENUM_CONVERSION = YES;
				CLANG_WARN_INFINITE_RECURSION = YES;
				CLANG_WARN_INT_CONVERSION = YES;
				CLANG_WARN_OBJC_ROOT_CLASS = YES_ERROR;
				CLANG_WARN_SUSPICIOUS_MOVES = YES;
				CLANG_WARN_UNREACHABLE_CODE = YES;
				CLANG_WARN__DUPLICATE_METHOD_MATCH = YES;
				"CODE_SIGN_IDENTITY[sdk=iphoneos*]" = "iPhone Developer";
				COPY_PHASE_STRIP = NO;
				DEBUG_INFORMATION_FORMAT = dwarf;
				ENABLE_STRICT_OBJC_MSGSEND = YES;
				ENABLE_TESTABILITY = YES;
				GCC_C_LANGUAGE_STANDARD = gnu99;
				GCC_DYNAMIC_NO_PIC = NO;
				GCC_NO_COMMON_BLOCKS = YES;
				GCC_OPTIMIZATION_LEVEL = 0;
				GCC_PREPROCESSOR_DEFINITIONS = (
					"DEBUG=1",
					"$(inherited)",
				);
				GCC_WARN_64_TO_32_BIT_CONVERSION = YES;
				GCC_WARN_ABOUT_RETURN_TYPE = YES_ERROR;
				GCC_WARN_UNDECLARED_SELECTOR = YES;
				GCC_WARN_UNINITIALIZED_AUTOS = YES_AGGRESSIVE;
				GCC_WARN_UNUSED_FUNCTION = YES;
				GCC_WARN_UNUSED_VARIABLE = YES;
				IPHONEOS_DEPLOYMENT_TARGET = 10.1;
				MTL_ENABLE_DEBUG_INFO = YES;
				ONLY_ACTIVE_ARCH = YES;
				SDKROOT = iphoneos;
			};
			name = Debug;
		};
		EC870B0A1E14A51B00733836 /* Release */ = {
			isa = XCBuildConfiguration;
			buildSettings = {
				ALWAYS_SEARCH_USER_PATHS = NO;
				CLANG_ANALYZER_NONNULL = YES;
				CLANG_CXX_LANGUAGE_STANDARD = "gnu++0x";
				CLANG_CXX_LIBRARY = "libc++";
				CLANG_ENABLE_MODULES = YES;
				CLANG_ENABLE_OBJC_ARC = YES;
				CLANG_WARN_BOOL_CONVERSION = YES;
				CLANG_WARN_CONSTANT_CONVERSION = YES;
				CLANG_WARN_DIRECT_OBJC_ISA_USAGE = YES_ERROR;
				CLANG_WARN_DOCUMENTATION_COMMENTS = YES;
				CLANG_WARN_EMPTY_BODY = YES;
				CLANG_WARN_ENUM_CONVERSION = YES;
				CLANG_WARN_INFINITE_RECURSION = YES;
				CLANG_WARN_INT_CONVERSION = YES;
				CLANG_WARN_OBJC_ROOT_CLASS = YES_ERROR;
				CLANG_WARN_SUSPICIOUS_MOVES = YES;
				CLANG_WARN_UNREACHABLE_CODE = YES;
				CLANG_WARN__DUPLICATE_METHOD_MATCH = YES;
				"CODE_SIGN_IDENTITY[sdk=iphoneos*]" = "iPhone Developer";
				COPY_PHASE_STRIP = NO;
				DEBUG_INFORMATION_FORMAT = "dwarf-with-dsym";
				ENABLE_NS_ASSERTIONS = NO;
				ENABLE_STRICT_OBJC_MSGSEND = YES;
				GCC_C_LANGUAGE_STANDARD = gnu99;
				GCC_NO_COMMON_BLOCKS = YES;
				GCC_WARN_64_TO_32_BIT_CONVERSION = YES;
				GCC_WARN_ABOUT_RETURN_TYPE = YES_ERROR;
				GCC_WARN_UNDECLARED_SELECTOR = YES;
				GCC_WARN_UNINITIALIZED_AUTOS = YES_AGGRESSIVE;
				GCC_WARN_UNUSED_FUNCTION = YES;
				GCC_WARN_UNUSED_VARIABLE = YES;
				IPHONEOS_DEPLOYMENT_TARGET = 10.1;
				MTL_ENABLE_DEBUG_INFO = NO;
				SDKROOT = iphoneos;
				VALIDATE_PRODUCT = YES;
			};
			name = Release;
		};
		EC870B0C1E14A51B00733836 /* Debug */ = {
			isa = XCBuildConfiguration;
			buildSettings = {
				ASSETCATALOG_COMPILER_APPICON_NAME = AppIcon;
				INFOPLIST_FILE = MapViewDemo/Info.plist;
				LD_RUNPATH_SEARCH_PATHS = "$(inherited) @executable_path/Frameworks";
				PRODUCT_BUNDLE_IDENTIFIER = yangzhi.MapViewDemo;
				PRODUCT_NAME = "$(TARGET_NAME)";
			};
			name = Debug;
		};
		EC870B0D1E14A51B00733836 /* Release */ = {
			isa = XCBuildConfiguration;
			buildSettings = {
				ASSETCATALOG_COMPILER_APPICON_NAME = AppIcon;
				INFOPLIST_FILE = MapViewDemo/Info.plist;
				LD_RUNPATH_SEARCH_PATHS = "$(inherited) @executable_path/Frameworks";
				PRODUCT_BUNDLE_IDENTIFIER = yangzhi.MapViewDemo;
				PRODUCT_NAME = "$(TARGET_NAME)";
			};
			name = Release;
		};
		EC870B0F1E14A51B00733836 /* Debug */ = {
			isa = XCBuildConfiguration;
			buildSettings = {
				BUNDLE_LOADER = "$(TEST_HOST)";
				INFOPLIST_FILE = MapViewDemoTests/Info.plist;
				LD_RUNPATH_SEARCH_PATHS = "$(inherited) @executable_path/Frameworks @loader_path/Frameworks";
				PRODUCT_BUNDLE_IDENTIFIER = yangzhi.MapViewDemoTests;
				PRODUCT_NAME = "$(TARGET_NAME)";
				TEST_HOST = "$(BUILT_PRODUCTS_DIR)/MapViewDemo.app/MapViewDemo";
			};
			name = Debug;
		};
		EC870B101E14A51B00733836 /* Release */ = {
			isa = XCBuildConfiguration;
			buildSettings = {
				BUNDLE_LOADER = "$(TEST_HOST)";
				INFOPLIST_FILE = MapViewDemoTests/Info.plist;
				LD_RUNPATH_SEARCH_PATHS = "$(inherited) @executable_path/Frameworks @loader_path/Frameworks";
				PRODUCT_BUNDLE_IDENTIFIER = yangzhi.MapViewDemoTests;
				PRODUCT_NAME = "$(TARGET_NAME)";
				TEST_HOST = "$(BUILT_PRODUCTS_DIR)/MapViewDemo.app/MapViewDemo";
			};
			name = Release;
		};
		EC870B121E14A51B00733836 /* Debug */ = {
			isa = XCBuildConfiguration;
			buildSettings = {
				INFOPLIST_FILE = MapViewDemoUITests/Info.plist;
				LD_RUNPATH_SEARCH_PATHS = "$(inherited) @executable_path/Frameworks @loader_path/Frameworks";
				PRODUCT_BUNDLE_IDENTIFIER = yangzhi.MapViewDemoUITests;
				PRODUCT_NAME = "$(TARGET_NAME)";
				TEST_TARGET_NAME = MapViewDemo;
			};
			name = Debug;
		};
		EC870B131E14A51B00733836 /* Release */ = {
			isa = XCBuildConfiguration;
			buildSettings = {
				INFOPLIST_FILE = MapViewDemoUITests/Info.plist;
				LD_RUNPATH_SEARCH_PATHS = "$(inherited) @executable_path/Frameworks @loader_path/Frameworks";
				PRODUCT_BUNDLE_IDENTIFIER = yangzhi.MapViewDemoUITests;
				PRODUCT_NAME = "$(TARGET_NAME)";
				TEST_TARGET_NAME = MapViewDemo;
			};
			name = Release;
		};
/* End XCBuildConfiguration section */

/* Begin XCConfigurationList section */
		EC870AD91E14A51A00733836 /* Build configuration list for PBXProject "MapViewDemo" */ = {
			isa = XCConfigurationList;
			buildConfigurations = (
				EC870B091E14A51B00733836 /* Debug */,
				EC870B0A1E14A51B00733836 /* Release */,
			);
			defaultConfigurationIsVisible = 0;
			defaultConfigurationName = Release;
		};
		EC870B0B1E14A51B00733836 /* Build configuration list for PBXNativeTarget "MapViewDemo" */ = {
			isa = XCConfigurationList;
			buildConfigurations = (
				EC870B0C1E14A51B00733836 /* Debug */,
				EC870B0D1E14A51B00733836 /* Release */,
			);
			defaultConfigurationIsVisible = 0;
		};
		EC870B0E1E14A51B00733836 /* Build configuration list for PBXNativeTarget "MapViewDemoTests" */ = {
			isa = XCConfigurationList;
			buildConfigurations = (
				EC870B0F1E14A51B00733836 /* Debug */,
				EC870B101E14A51B00733836 /* Release */,
			);
			defaultConfigurationIsVisible = 0;
		};
		EC870B111E14A51B00733836 /* Build configuration list for PBXNativeTarget "MapViewDemoUITests" */ = {
			isa = XCConfigurationList;
			buildConfigurations = (
				EC870B121E14A51B00733836 /* Debug */,
				EC870B131E14A51B00733836 /* Release */,
			);
			defaultConfigurationIsVisible = 0;
		};
/* End XCConfigurationList section */
	};
	rootObject = EC870AD61E14A51A00733836 /* Project object */;
}
